// !$*UTF8*$!
{
	archiveVersion = 1;
	classes = {
	};
	objectVersion = 46;
	objects = {

/* Begin PBXAggregateTarget section */
		"ReallyLazySequences::ReallyLazySequencesPackageTests::ProductTarget" /* ReallyLazySequencesPackageTests */ = {
			isa = PBXAggregateTarget;
			buildConfigurationList = OBJ_61 /* Build configuration list for PBXAggregateTarget "ReallyLazySequencesPackageTests" */;
			buildPhases = (
			);
			dependencies = (
				OBJ_64 /* PBXTargetDependency */,
			);
			name = ReallyLazySequencesPackageTests;
			productName = ReallyLazySequencesPackageTests;
		};
/* End PBXAggregateTarget section */

/* Begin PBXBuildFile section */
		OBJ_41 /* Composers.swift in Sources */ = {isa = PBXBuildFile; fileRef = OBJ_9 /* Composers.swift */; };
		OBJ_42 /* ConsumableChainingDeclarations.swift in Sources */ = {isa = PBXBuildFile; fileRef = OBJ_10 /* ConsumableChainingDeclarations.swift */; };
		OBJ_43 /* Consumer.swift in Sources */ = {isa = PBXBuildFile; fileRef = OBJ_11 /* Consumer.swift */; };
		OBJ_44 /* Continuation.swift in Sources */ = {isa = PBXBuildFile; fileRef = OBJ_12 /* Continuation.swift */; };
		OBJ_45 /* Extensions.swift in Sources */ = {isa = PBXBuildFile; fileRef = OBJ_13 /* Extensions.swift */; };
		OBJ_46 /* ListenableChainingDeclarations.swift in Sources */ = {isa = PBXBuildFile; fileRef = OBJ_14 /* ListenableChainingDeclarations.swift */; };
		OBJ_47 /* ListenableSequence.swift in Sources */ = {isa = PBXBuildFile; fileRef = OBJ_15 /* ListenableSequence.swift */; };
		OBJ_48 /* ReallyLazySequence.swift in Sources */ = {isa = PBXBuildFile; fileRef = OBJ_16 /* ReallyLazySequence.swift */; };
		OBJ_49 /* Select.swift in Sources */ = {isa = PBXBuildFile; fileRef = OBJ_17 /* Select.swift */; };
		OBJ_51 /* Value.swift in Sources */ = {isa = PBXBuildFile; fileRef = OBJ_19 /* Value.swift */; };
		OBJ_52 /* Zip.swift in Sources */ = {isa = PBXBuildFile; fileRef = OBJ_20 /* Zip.swift */; };
		OBJ_59 /* Package.swift in Sources */ = {isa = PBXBuildFile; fileRef = OBJ_6 /* Package.swift */; };
		OBJ_70 /* ContinuationTests.swift in Sources */ = {isa = PBXBuildFile; fileRef = OBJ_23 /* ContinuationTests.swift */; };
		OBJ_71 /* ListenableSequenceTests.swift in Sources */ = {isa = PBXBuildFile; fileRef = OBJ_24 /* ListenableSequenceTests.swift */; };
		OBJ_72 /* ListenerTests.swift in Sources */ = {isa = PBXBuildFile; fileRef = OBJ_25 /* ListenerTests.swift */; };
		OBJ_73 /* ReallyLazySequencesTests.swift in Sources */ = {isa = PBXBuildFile; fileRef = OBJ_26 /* ReallyLazySequencesTests.swift */; };
		OBJ_75 /* XCTestManifests.swift in Sources */ = {isa = PBXBuildFile; fileRef = OBJ_28 /* XCTestManifests.swift */; };
		OBJ_76 /* ZipTests.swift in Sources */ = {isa = PBXBuildFile; fileRef = OBJ_29 /* ZipTests.swift */; };
		OBJ_78 /* ReallyLazySequences.framework in Frameworks */ = {isa = PBXBuildFile; fileRef = "ReallyLazySequences::ReallyLazySequences::Product" /* ReallyLazySequences.framework */; };
/* End PBXBuildFile section */

/* Begin PBXContainerItemProxy section */
		FBB493BA22457B0600CA764A /* PBXContainerItemProxy */ = {
			isa = PBXContainerItemProxy;
			containerPortal = OBJ_1 /* Project object */;
			proxyType = 1;
			remoteGlobalIDString = "ReallyLazySequences::ReallyLazySequences";
			remoteInfo = ReallyLazySequences;
		};
		FBB493BB22457B0700CA764A /* PBXContainerItemProxy */ = {
			isa = PBXContainerItemProxy;
			containerPortal = OBJ_1 /* Project object */;
			proxyType = 1;
			remoteGlobalIDString = "ReallyLazySequences::ReallyLazySequencesTests";
			remoteInfo = ReallyLazySequencesTests;
		};
/* End PBXContainerItemProxy section */

/* Begin PBXFileReference section */
		OBJ_10 /* ConsumableChainingDeclarations.swift */ = {isa = PBXFileReference; lastKnownFileType = sourcecode.swift; path = ConsumableChainingDeclarations.swift; sourceTree = "<group>"; };
		OBJ_11 /* Consumer.swift */ = {isa = PBXFileReference; lastKnownFileType = sourcecode.swift; path = Consumer.swift; sourceTree = "<group>"; };
		OBJ_12 /* Continuation.swift */ = {isa = PBXFileReference; lastKnownFileType = sourcecode.swift; path = Continuation.swift; sourceTree = "<group>"; };
		OBJ_13 /* Extensions.swift */ = {isa = PBXFileReference; lastKnownFileType = sourcecode.swift; path = Extensions.swift; sourceTree = "<group>"; };
		OBJ_14 /* ListenableChainingDeclarations.swift */ = {isa = PBXFileReference; lastKnownFileType = sourcecode.swift; path = ListenableChainingDeclarations.swift; sourceTree = "<group>"; };
		OBJ_15 /* ListenableSequence.swift */ = {isa = PBXFileReference; lastKnownFileType = sourcecode.swift; path = ListenableSequence.swift; sourceTree = "<group>"; };
		OBJ_16 /* ReallyLazySequence.swift */ = {isa = PBXFileReference; lastKnownFileType = sourcecode.swift; path = ReallyLazySequence.swift; sourceTree = "<group>"; };
		OBJ_17 /* Select.swift */ = {isa = PBXFileReference; lastKnownFileType = sourcecode.swift; path = Select.swift; sourceTree = "<group>"; };
		OBJ_19 /* Value.swift */ = {isa = PBXFileReference; lastKnownFileType = sourcecode.swift; path = Value.swift; sourceTree = "<group>"; };
		OBJ_20 /* Zip.swift */ = {isa = PBXFileReference; lastKnownFileType = sourcecode.swift; path = Zip.swift; sourceTree = "<group>"; };
		OBJ_23 /* ContinuationTests.swift */ = {isa = PBXFileReference; lastKnownFileType = sourcecode.swift; path = ContinuationTests.swift; sourceTree = "<group>"; };
		OBJ_24 /* ListenableSequenceTests.swift */ = {isa = PBXFileReference; lastKnownFileType = sourcecode.swift; path = ListenableSequenceTests.swift; sourceTree = "<group>"; };
		OBJ_25 /* ListenerTests.swift */ = {isa = PBXFileReference; lastKnownFileType = sourcecode.swift; path = ListenerTests.swift; sourceTree = "<group>"; };
		OBJ_26 /* ReallyLazySequencesTests.swift */ = {isa = PBXFileReference; lastKnownFileType = sourcecode.swift; path = ReallyLazySequencesTests.swift; sourceTree = "<group>"; };
		OBJ_28 /* XCTestManifests.swift */ = {isa = PBXFileReference; lastKnownFileType = sourcecode.swift; path = XCTestManifests.swift; sourceTree = "<group>"; };
		OBJ_29 /* ZipTests.swift */ = {isa = PBXFileReference; lastKnownFileType = sourcecode.swift; path = ZipTests.swift; sourceTree = "<group>"; };
		OBJ_33 /* ReallyLazySequences.xcworkspace */ = {isa = PBXFileReference; lastKnownFileType = wrapper.workspace; path = ReallyLazySequences.xcworkspace; sourceTree = SOURCE_ROOT; };
		OBJ_34 /* LICENSE */ = {isa = PBXFileReference; lastKnownFileType = text; path = LICENSE; sourceTree = "<group>"; };
		OBJ_35 /* README.md */ = {isa = PBXFileReference; lastKnownFileType = net.daringfireball.markdown; path = README.md; sourceTree = "<group>"; };
		OBJ_6 /* Package.swift */ = {isa = PBXFileReference; explicitFileType = sourcecode.swift; path = Package.swift; sourceTree = "<group>"; };
		OBJ_9 /* Composers.swift */ = {isa = PBXFileReference; lastKnownFileType = sourcecode.swift; path = Composers.swift; sourceTree = "<group>"; };
		"ReallyLazySequences::ReallyLazySequences::Product" /* ReallyLazySequences.framework */ = {isa = PBXFileReference; lastKnownFileType = wrapper.framework; path = ReallyLazySequences.framework; sourceTree = BUILT_PRODUCTS_DIR; };
		"ReallyLazySequences::ReallyLazySequencesTests::Product" /* ReallyLazySequencesTests.xctest */ = {isa = PBXFileReference; lastKnownFileType = file; path = ReallyLazySequencesTests.xctest; sourceTree = BUILT_PRODUCTS_DIR; };
/* End PBXFileReference section */

/* Begin PBXFrameworksBuildPhase section */
		OBJ_53 /* Frameworks */ = {
			isa = PBXFrameworksBuildPhase;
			buildActionMask = 0;
			files = (
			);
			runOnlyForDeploymentPostprocessing = 0;
		};
		OBJ_77 /* Frameworks */ = {
			isa = PBXFrameworksBuildPhase;
			buildActionMask = 0;
			files = (
				OBJ_78 /* ReallyLazySequences.framework in Frameworks */,
			);
			runOnlyForDeploymentPostprocessing = 0;
		};
/* End PBXFrameworksBuildPhase section */

/* Begin PBXGroup section */
		OBJ_21 /* Tests */ = {
			isa = PBXGroup;
			children = (
				OBJ_22 /* ReallyLazySequencesTests */,
			);
			name = Tests;
			sourceTree = SOURCE_ROOT;
		};
		OBJ_22 /* ReallyLazySequencesTests */ = {
			isa = PBXGroup;
			children = (
				OBJ_23 /* ContinuationTests.swift */,
				OBJ_24 /* ListenableSequenceTests.swift */,
				OBJ_25 /* ListenerTests.swift */,
				OBJ_26 /* ReallyLazySequencesTests.swift */,
				OBJ_28 /* XCTestManifests.swift */,
				OBJ_29 /* ZipTests.swift */,
			);
			name = ReallyLazySequencesTests;
			path = Tests/ReallyLazySequencesTests;
			sourceTree = SOURCE_ROOT;
		};
		OBJ_30 /* Products */ = {
			isa = PBXGroup;
			children = (
				"ReallyLazySequences::ReallyLazySequences::Product" /* ReallyLazySequences.framework */,
				"ReallyLazySequences::ReallyLazySequencesTests::Product" /* ReallyLazySequencesTests.xctest */,
			);
			name = Products;
			sourceTree = BUILT_PRODUCTS_DIR;
		};
		OBJ_5 /*  */ = {
			isa = PBXGroup;
			children = (
				OBJ_6 /* Package.swift */,
				OBJ_7 /* Sources */,
				OBJ_21 /* Tests */,
				OBJ_30 /* Products */,
				OBJ_33 /* ReallyLazySequences.xcworkspace */,
				OBJ_34 /* LICENSE */,
				OBJ_35 /* README.md */,
			);
			name = "";
			sourceTree = "<group>";
		};
		OBJ_7 /* Sources */ = {
			isa = PBXGroup;
			children = (
				OBJ_8 /* ReallyLazySequences */,
			);
			name = Sources;
			sourceTree = SOURCE_ROOT;
		};
		OBJ_8 /* ReallyLazySequences */ = {
			isa = PBXGroup;
			children = (
				OBJ_9 /* Composers.swift */,
				OBJ_10 /* ConsumableChainingDeclarations.swift */,
				OBJ_11 /* Consumer.swift */,
				OBJ_12 /* Continuation.swift */,
				OBJ_13 /* Extensions.swift */,
				OBJ_14 /* ListenableChainingDeclarations.swift */,
				OBJ_15 /* ListenableSequence.swift */,
				OBJ_16 /* ReallyLazySequence.swift */,
				OBJ_17 /* Select.swift */,
				OBJ_19 /* Value.swift */,
				OBJ_20 /* Zip.swift */,
			);
			name = ReallyLazySequences;
			path = Sources/ReallyLazySequences;
			sourceTree = SOURCE_ROOT;
		};
/* End PBXGroup section */

/* Begin PBXNativeTarget section */
		"ReallyLazySequences::ReallyLazySequences" /* ReallyLazySequences */ = {
			isa = PBXNativeTarget;
			buildConfigurationList = OBJ_37 /* Build configuration list for PBXNativeTarget "ReallyLazySequences" */;
			buildPhases = (
				OBJ_40 /* Sources */,
				OBJ_53 /* Frameworks */,
			);
			buildRules = (
			);
			dependencies = (
			);
			name = ReallyLazySequences;
			productName = ReallyLazySequences;
			productReference = "ReallyLazySequences::ReallyLazySequences::Product" /* ReallyLazySequences.framework */;
			productType = "com.apple.product-type.framework";
		};
		"ReallyLazySequences::ReallyLazySequencesTests" /* ReallyLazySequencesTests */ = {
			isa = PBXNativeTarget;
			buildConfigurationList = OBJ_66 /* Build configuration list for PBXNativeTarget "ReallyLazySequencesTests" */;
			buildPhases = (
				OBJ_69 /* Sources */,
				OBJ_77 /* Frameworks */,
			);
			buildRules = (
			);
			dependencies = (
				OBJ_79 /* PBXTargetDependency */,
			);
			name = ReallyLazySequencesTests;
			productName = ReallyLazySequencesTests;
			productReference = "ReallyLazySequences::ReallyLazySequencesTests::Product" /* ReallyLazySequencesTests.xctest */;
			productType = "com.apple.product-type.bundle.unit-test";
		};
		"ReallyLazySequences::SwiftPMPackageDescription" /* ReallyLazySequencesPackageDescription */ = {
			isa = PBXNativeTarget;
			buildConfigurationList = OBJ_55 /* Build configuration list for PBXNativeTarget "ReallyLazySequencesPackageDescription" */;
			buildPhases = (
				OBJ_58 /* Sources */,
			);
			buildRules = (
			);
			dependencies = (
			);
			name = ReallyLazySequencesPackageDescription;
			productName = ReallyLazySequencesPackageDescription;
			productType = "com.apple.product-type.framework";
		};
/* End PBXNativeTarget section */

/* Begin PBXProject section */
		OBJ_1 /* Project object */ = {
			isa = PBXProject;
			attributes = {
				LastSwiftMigration = 9999;
				LastUpgradeCheck = 9999;
			};
			buildConfigurationList = OBJ_2 /* Build configuration list for PBXProject "ReallyLazySequences" */;
			compatibilityVersion = "Xcode 3.2";
			developmentRegion = English;
			hasScannedForEncodings = 0;
			knownRegions = (
				English,
				en,
			);
			mainGroup = OBJ_5 /*  */;
			productRefGroup = OBJ_30 /* Products */;
			projectDirPath = "";
			projectRoot = "";
			targets = (
				"ReallyLazySequences::ReallyLazySequences" /* ReallyLazySequences */,
				"ReallyLazySequences::SwiftPMPackageDescription" /* ReallyLazySequencesPackageDescription */,
				"ReallyLazySequences::ReallyLazySequencesPackageTests::ProductTarget" /* ReallyLazySequencesPackageTests */,
				"ReallyLazySequences::ReallyLazySequencesTests" /* ReallyLazySequencesTests */,
			);
		};
/* End PBXProject section */

/* Begin PBXSourcesBuildPhase section */
		OBJ_40 /* Sources */ = {
			isa = PBXSourcesBuildPhase;
			buildActionMask = 0;
			files = (
				OBJ_41 /* Composers.swift in Sources */,
				OBJ_42 /* ConsumableChainingDeclarations.swift in Sources */,
				OBJ_43 /* Consumer.swift in Sources */,
				OBJ_44 /* Continuation.swift in Sources */,
				OBJ_45 /* Extensions.swift in Sources */,
				OBJ_46 /* ListenableChainingDeclarations.swift in Sources */,
				OBJ_47 /* ListenableSequence.swift in Sources */,
				OBJ_48 /* ReallyLazySequence.swift in Sources */,
				OBJ_49 /* Select.swift in Sources */,
				OBJ_51 /* Value.swift in Sources */,
				OBJ_52 /* Zip.swift in Sources */,
			);
			runOnlyForDeploymentPostprocessing = 0;
		};
		OBJ_58 /* Sources */ = {
			isa = PBXSourcesBuildPhase;
			buildActionMask = 0;
			files = (
				OBJ_59 /* Package.swift in Sources */,
			);
			runOnlyForDeploymentPostprocessing = 0;
		};
		OBJ_69 /* Sources */ = {
			isa = PBXSourcesBuildPhase;
			buildActionMask = 0;
			files = (
				OBJ_70 /* ContinuationTests.swift in Sources */,
				OBJ_71 /* ListenableSequenceTests.swift in Sources */,
				OBJ_72 /* ListenerTests.swift in Sources */,
				OBJ_73 /* ReallyLazySequencesTests.swift in Sources */,
				OBJ_75 /* XCTestManifests.swift in Sources */,
				OBJ_76 /* ZipTests.swift in Sources */,
			);
			runOnlyForDeploymentPostprocessing = 0;
		};
/* End PBXSourcesBuildPhase section */

/* Begin PBXTargetDependency section */
		OBJ_64 /* PBXTargetDependency */ = {
			isa = PBXTargetDependency;
			target = "ReallyLazySequences::ReallyLazySequencesTests" /* ReallyLazySequencesTests */;
			targetProxy = FBB493BB22457B0700CA764A /* PBXContainerItemProxy */;
		};
		OBJ_79 /* PBXTargetDependency */ = {
			isa = PBXTargetDependency;
			target = "ReallyLazySequences::ReallyLazySequences" /* ReallyLazySequences */;
			targetProxy = FBB493BA22457B0600CA764A /* PBXContainerItemProxy */;
		};
/* End PBXTargetDependency section */

/* Begin XCBuildConfiguration section */
		OBJ_3 /* Debug */ = {
			isa = XCBuildConfiguration;
			buildSettings = {
				CLANG_ENABLE_OBJC_ARC = YES;
				COMBINE_HIDPI_IMAGES = YES;
				COPY_PHASE_STRIP = NO;
				DEBUG_INFORMATION_FORMAT = dwarf;
				DYLIB_INSTALL_NAME_BASE = "@rpath";
				ENABLE_NS_ASSERTIONS = YES;
				GCC_OPTIMIZATION_LEVEL = 0;
				GCC_PREPROCESSOR_DEFINITIONS = (
					"$(inherited)",
					"SWIFT_PACKAGE=1",
					"DEBUG=1",
				);
				MACOSX_DEPLOYMENT_TARGET = 10.10;
				ONLY_ACTIVE_ARCH = YES;
				OTHER_SWIFT_FLAGS = "-DXcode";
				PRODUCT_NAME = "$(TARGET_NAME)";
				SDKROOT = macosx;
				SUPPORTED_PLATFORMS = "macosx iphoneos iphonesimulator appletvos appletvsimulator watchos watchsimulator";
				SWIFT_ACTIVE_COMPILATION_CONDITIONS = "$(inherited) SWIFT_PACKAGE DEBUG";
				SWIFT_OPTIMIZATION_LEVEL = "-Onone";
				USE_HEADERMAP = NO;
			};
			name = Debug;
		};
		OBJ_38 /* Debug */ = {
			isa = XCBuildConfiguration;
			buildSettings = {
				ENABLE_TESTABILITY = YES;
				FRAMEWORK_SEARCH_PATHS = (
					"$(inherited)",
					"$(PLATFORM_DIR)/Developer/Library/Frameworks",
				);
				HEADER_SEARCH_PATHS = "$(inherited)";
				INFOPLIST_FILE = ReallyLazySequences.xcodeproj/ReallyLazySequences_Info.plist;
				LD_RUNPATH_SEARCH_PATHS = "$(inherited) $(TOOLCHAIN_DIR)/usr/lib/swift/macosx";
				OTHER_CFLAGS = "$(inherited)";
				OTHER_LDFLAGS = "$(inherited)";
				OTHER_SWIFT_FLAGS = "$(inherited)";
				PRODUCT_BUNDLE_IDENTIFIER = ReallyLazySequences;
				PRODUCT_MODULE_NAME = "$(TARGET_NAME:c99extidentifier)";
				PRODUCT_NAME = "$(TARGET_NAME:c99extidentifier)";
				SKIP_INSTALL = YES;
				SWIFT_ACTIVE_COMPILATION_CONDITIONS = "$(inherited)";
				SWIFT_VERSION = 4.0;
				TARGET_NAME = ReallyLazySequences;
			};
			name = Debug;
		};
		OBJ_39 /* Release */ = {
			isa = XCBuildConfiguration;
			buildSettings = {
				ENABLE_TESTABILITY = YES;
				FRAMEWORK_SEARCH_PATHS = (
					"$(inherited)",
					"$(PLATFORM_DIR)/Developer/Library/Frameworks",
				);
				HEADER_SEARCH_PATHS = "$(inherited)";
				INFOPLIST_FILE = ReallyLazySequences.xcodeproj/ReallyLazySequences_Info.plist;
				LD_RUNPATH_SEARCH_PATHS = "$(inherited) $(TOOLCHAIN_DIR)/usr/lib/swift/macosx";
				OTHER_CFLAGS = "$(inherited)";
				OTHER_LDFLAGS = "$(inherited)";
				OTHER_SWIFT_FLAGS = "$(inherited)";
				PRODUCT_BUNDLE_IDENTIFIER = ReallyLazySequences;
				PRODUCT_MODULE_NAME = "$(TARGET_NAME:c99extidentifier)";
				PRODUCT_NAME = "$(TARGET_NAME:c99extidentifier)";
				SKIP_INSTALL = YES;
				SWIFT_ACTIVE_COMPILATION_CONDITIONS = "$(inherited)";
				SWIFT_VERSION = 4.0;
				TARGET_NAME = ReallyLazySequences;
			};
			name = Release;
		};
		OBJ_4 /* Release */ = {
			isa = XCBuildConfiguration;
			buildSettings = {
				CLANG_ENABLE_OBJC_ARC = YES;
				COMBINE_HIDPI_IMAGES = YES;
				COPY_PHASE_STRIP = YES;
				DEBUG_INFORMATION_FORMAT = "dwarf-with-dsym";
				DYLIB_INSTALL_NAME_BASE = "@rpath";
				GCC_OPTIMIZATION_LEVEL = s;
				GCC_PREPROCESSOR_DEFINITIONS = (
					"$(inherited)",
					"SWIFT_PACKAGE=1",
				);
				MACOSX_DEPLOYMENT_TARGET = 10.10;
				OTHER_SWIFT_FLAGS = "-DXcode";
				PRODUCT_NAME = "$(TARGET_NAME)";
				SDKROOT = macosx;
				SUPPORTED_PLATFORMS = "macosx iphoneos iphonesimulator appletvos appletvsimulator watchos watchsimulator";
				SWIFT_ACTIVE_COMPILATION_CONDITIONS = "$(inherited) SWIFT_PACKAGE";
				SWIFT_OPTIMIZATION_LEVEL = "-Owholemodule";
				USE_HEADERMAP = NO;
			};
			name = Release;
		};
		OBJ_56 /* Debug */ = {
			isa = XCBuildConfiguration;
			buildSettings = {
				LD = /usr/bin/true;
				OTHER_SWIFT_FLAGS = "-swift-version 4 -I $(TOOLCHAIN_DIR)/usr/lib/swift/pm/4 -target x86_64-apple-macosx10.10 -sdk /Applications/Xcode.app/Contents/Developer/Platforms/MacOSX.platform/Developer/SDKs/MacOSX10.14.sdk";
				SWIFT_VERSION = 4.0;
			};
			name = Debug;
		};
		OBJ_57 /* Release */ = {
			isa = XCBuildConfiguration;
			buildSettings = {
				LD = /usr/bin/true;
				OTHER_SWIFT_FLAGS = "-swift-version 4 -I $(TOOLCHAIN_DIR)/usr/lib/swift/pm/4 -target x86_64-apple-macosx10.10 -sdk /Applications/Xcode.app/Contents/Developer/Platforms/MacOSX.platform/Developer/SDKs/MacOSX10.14.sdk";
				SWIFT_VERSION = 4.0;
			};
			name = Release;
		};
		OBJ_62 /* Debug */ = {
			isa = XCBuildConfiguration;
			buildSettings = {
			};
			name = Debug;
		};
		OBJ_63 /* Release */ = {
			isa = XCBuildConfiguration;
			buildSettings = {
			};
			name = Release;
		};
		OBJ_67 /* Debug */ = {
			isa = XCBuildConfiguration;
			buildSettings = {
				CLANG_ENABLE_MODULES = YES;
				EMBEDDED_CONTENT_CONTAINS_SWIFT = YES;
				FRAMEWORK_SEARCH_PATHS = (
					"$(inherited)",
					"$(PLATFORM_DIR)/Developer/Library/Frameworks",
				);
				HEADER_SEARCH_PATHS = "$(inherited)";
				INFOPLIST_FILE = ReallyLazySequences.xcodeproj/ReallyLazySequencesTests_Info.plist;
				LD_RUNPATH_SEARCH_PATHS = "$(inherited) @loader_path/../Frameworks @loader_path/Frameworks";
				OTHER_CFLAGS = "$(inherited)";
				OTHER_LDFLAGS = "$(inherited)";
				OTHER_SWIFT_FLAGS = "$(inherited)";
				SWIFT_ACTIVE_COMPILATION_CONDITIONS = "$(inherited)";
				SWIFT_VERSION = 4.0;
				TARGET_NAME = ReallyLazySequencesTests;
			};
			name = Debug;
		};
		OBJ_68 /* Release */ = {
			isa = XCBuildConfiguration;
			buildSettings = {
				CLANG_ENABLE_MODULES = YES;
				EMBEDDED_CONTENT_CONTAINS_SWIFT = YES;
				FRAMEWORK_SEARCH_PATHS = (
					"$(inherited)",
					"$(PLATFORM_DIR)/Developer/Library/Frameworks",
				);
				HEADER_SEARCH_PATHS = "$(inherited)";
				INFOPLIST_FILE = ReallyLazySequences.xcodeproj/ReallyLazySequencesTests_Info.plist;
				LD_RUNPATH_SEARCH_PATHS = "$(inherited) @loader_path/../Frameworks @loader_path/Frameworks";
				OTHER_CFLAGS = "$(inherited)";
				OTHER_LDFLAGS = "$(inherited)";
				OTHER_SWIFT_FLAGS = "$(inherited)";
				SWIFT_ACTIVE_COMPILATION_CONDITIONS = "$(inherited)";
				SWIFT_VERSION = 4.0;
				TARGET_NAME = ReallyLazySequencesTests;
			};
			name = Release;
		};
/* End XCBuildConfiguration section */

/* Begin XCConfigurationList section */
		OBJ_2 /* Build configuration list for PBXProject "ReallyLazySequences" */ = {
			isa = XCConfigurationList;
			buildConfigurations = (
				OBJ_3 /* Debug */,
				OBJ_4 /* Release */,
			);
			defaultConfigurationIsVisible = 0;
			defaultConfigurationName = Release;
		};
		OBJ_37 /* Build configuration list for PBXNativeTarget "ReallyLazySequences" */ = {
			isa = XCConfigurationList;
			buildConfigurations = (
				OBJ_38 /* Debug */,
				OBJ_39 /* Release */,
			);
			defaultConfigurationIsVisible = 0;
			defaultConfigurationName = Release;
		};
		OBJ_55 /* Build configuration list for PBXNativeTarget "ReallyLazySequencesPackageDescription" */ = {
			isa = XCConfigurationList;
			buildConfigurations = (
				OBJ_56 /* Debug */,
				OBJ_57 /* Release */,
			);
			defaultConfigurationIsVisible = 0;
			defaultConfigurationName = Release;
		};
		OBJ_61 /* Build configuration list for PBXAggregateTarget "ReallyLazySequencesPackageTests" */ = {
			isa = XCConfigurationList;
			buildConfigurations = (
				OBJ_62 /* Debug */,
				OBJ_63 /* Release */,
			);
			defaultConfigurationIsVisible = 0;
			defaultConfigurationName = Release;
		};
		OBJ_66 /* Build configuration list for PBXNativeTarget "ReallyLazySequencesTests" */ = {
			isa = XCConfigurationList;
			buildConfigurations = (
				OBJ_67 /* Debug */,
				OBJ_68 /* Release */,
			);
			defaultConfigurationIsVisible = 0;
			defaultConfigurationName = Release;
		};
/* End XCConfigurationList section */
	};
	rootObject = OBJ_1 /* Project object */;
}
